// !$*UTF8*$!
{
	archiveVersion = 1;
	classes = {
	};
	objectVersion = 51;
	objects = {

/* Begin PBXBuildFile section */
		0C10C0B225B3180200D55B34 /* MyWalletView.swift in Sources */ = {isa = PBXBuildFile; fileRef = 0C10C0B125B3180200D55B34 /* MyWalletView.swift */; };
		0C10C0B525B3203F00D55B34 /* MyWalletBank.swift in Sources */ = {isa = PBXBuildFile; fileRef = 0C10C0B425B3203F00D55B34 /* MyWalletBank.swift */; };
		0C10C0B825B322E600D55B34 /* MyWalletContent.swift in Sources */ = {isa = PBXBuildFile; fileRef = 0C10C0B725B322E600D55B34 /* MyWalletContent.swift */; };
		0C10C0BB25B327B800D55B34 /* MyWalletViewController.swift in Sources */ = {isa = PBXBuildFile; fileRef = 0C10C0BA25B327B800D55B34 /* MyWalletViewController.swift */; };
		0C10C0C325B3297500D55B34 /* MyTrailsView.swift in Sources */ = {isa = PBXBuildFile; fileRef = 0C10C0C225B3297500D55B34 /* MyTrailsView.swift */; };
		0C10C0CC25B339ED00D55B34 /* MyTrailsBank.swift in Sources */ = {isa = PBXBuildFile; fileRef = 0C10C0CB25B339ED00D55B34 /* MyTrailsBank.swift */; };
		0C10C0D825B3779800D55B34 /* TrailView.swift in Sources */ = {isa = PBXBuildFile; fileRef = 0C10C0D725B3779800D55B34 /* TrailView.swift */; };
		0CCF88F525B1DBE30013C7B4 /* GoogleService-Info.plist in Resources */ = {isa = PBXBuildFile; fileRef = 0CCF88F425B1DBE30013C7B4 /* GoogleService-Info.plist */; };
		0CCF891C25B1E06D0013C7B4 /* User.swift in Sources */ = {isa = PBXBuildFile; fileRef = 0CCF891B25B1E06D0013C7B4 /* User.swift */; };
		0CCF892025B1E3DE0013C7B4 /* Costumer.swift in Sources */ = {isa = PBXBuildFile; fileRef = 0CCF891F25B1E3DE0013C7B4 /* Costumer.swift */; };
		0CCF892325B1E7010013C7B4 /* Business.swift in Sources */ = {isa = PBXBuildFile; fileRef = 0CCF892225B1E7010013C7B4 /* Business.swift */; };
		0CCF892625B1E92C0013C7B4 /* Trail.swift in Sources */ = {isa = PBXBuildFile; fileRef = 0CCF892525B1E92C0013C7B4 /* Trail.swift */; };
		0CCF892D25B1E99D0013C7B4 /* Mission.swift in Sources */ = {isa = PBXBuildFile; fileRef = 0CCF892C25B1E99D0013C7B4 /* Mission.swift */; };
		0CCF893025B1EA340013C7B4 /* Category.swift in Sources */ = {isa = PBXBuildFile; fileRef = 0CCF892F25B1EA340013C7B4 /* Category.swift */; };
		0CCF893325B1EA750013C7B4 /* Prize.swift in Sources */ = {isa = PBXBuildFile; fileRef = 0CCF893225B1EA750013C7B4 /* Prize.swift */; };
		0CCF893925B26A6E0013C7B4 /* TabBarView.swift in Sources */ = {isa = PBXBuildFile; fileRef = 0CCF893825B26A6E0013C7B4 /* TabBarView.swift */; };
		0CCF894325B2705C0013C7B4 /* ProfileViewController.swift in Sources */ = {isa = PBXBuildFile; fileRef = 0CCF894225B2705C0013C7B4 /* ProfileViewController.swift */; };
		0CCF894825B270BD0013C7B4 /* ProfileView.swift in Sources */ = {isa = PBXBuildFile; fileRef = 0CCF894725B270BD0013C7B4 /* ProfileView.swift */; };
		0CCF894D25B275C50013C7B4 /* TabViewItem.swift in Sources */ = {isa = PBXBuildFile; fileRef = 0CCF894C25B275C50013C7B4 /* TabViewItem.swift */; };
		353C5C5225B311A400340D05 /* ExploreView.swift in Sources */ = {isa = PBXBuildFile; fileRef = 353C5C5125B311A400340D05 /* ExploreView.swift */; };
		353C5C5625B3122200340D05 /* ExploreBank.swift in Sources */ = {isa = PBXBuildFile; fileRef = 353C5C5525B3122200340D05 /* ExploreBank.swift */; };
		353C5C5925B335F100340D05 /* SearchBarView.swift in Sources */ = {isa = PBXBuildFile; fileRef = 353C5C5825B335F100340D05 /* SearchBarView.swift */; };
		353C5C5C25B33A3800340D05 /* UIEditingExtensions.swift in Sources */ = {isa = PBXBuildFile; fileRef = 353C5C5B25B33A3800340D05 /* UIEditingExtensions.swift */; };
		3571B0E425B25CF1001E0877 /* FirebaseHandler.swift in Sources */ = {isa = PBXBuildFile; fileRef = 3571B0E325B25CF1001E0877 /* FirebaseHandler.swift */; };
		3571B0E825B26244001E0877 /* TabBarViewController.swift in Sources */ = {isa = PBXBuildFile; fileRef = 3571B0E725B26244001E0877 /* TabBarViewController.swift */; };
		35B4F53525B1CED700F7BD85 /* AppDelegate.swift in Sources */ = {isa = PBXBuildFile; fileRef = 35B4F53425B1CED700F7BD85 /* AppDelegate.swift */; };
		35B4F53725B1CED700F7BD85 /* SceneDelegate.swift in Sources */ = {isa = PBXBuildFile; fileRef = 35B4F53625B1CED700F7BD85 /* SceneDelegate.swift */; };
		35B4F53925B1CED700F7BD85 /* ContentView.swift in Sources */ = {isa = PBXBuildFile; fileRef = 35B4F53825B1CED700F7BD85 /* ContentView.swift */; };
		35B4F53C25B1CED700F7BD85 /* daqui.xcdatamodeld in Sources */ = {isa = PBXBuildFile; fileRef = 35B4F53A25B1CED700F7BD85 /* daqui.xcdatamodeld */; };
		35B4F53E25B1CED900F7BD85 /* Assets.xcassets in Resources */ = {isa = PBXBuildFile; fileRef = 35B4F53D25B1CED900F7BD85 /* Assets.xcassets */; };
		35B4F54125B1CED900F7BD85 /* Preview Assets.xcassets in Resources */ = {isa = PBXBuildFile; fileRef = 35B4F54025B1CED900F7BD85 /* Preview Assets.xcassets */; };
		35B4F54425B1CED900F7BD85 /* LaunchScreen.storyboard in Resources */ = {isa = PBXBuildFile; fileRef = 35B4F54225B1CED900F7BD85 /* LaunchScreen.storyboard */; };
		3A3445B150E036BA70DA12F2 /* Pods_daqui.framework in Frameworks */ = {isa = PBXBuildFile; fileRef = 449ABD2FB08938C48FF78F76 /* Pods_daqui.framework */; };
		AC86279C25B30A3D00AA0C41 /* RecursosView.swift in Sources */ = {isa = PBXBuildFile; fileRef = AC86279B25B30A3D00AA0C41 /* RecursosView.swift */; };
		AC86279D25B30A3D00AA0C41 /* RecursosViewController.swift in Sources */ = {isa = PBXBuildFile; fileRef = AC86279A25B30A3D00AA0C41 /* RecursosViewController.swift */; };
		ACD0800825B320D6005B82D9 /* RecursosCardView.swift in Sources */ = {isa = PBXBuildFile; fileRef = ACD0800725B320D6005B82D9 /* RecursosCardView.swift */; };
/* End PBXBuildFile section */

/* Begin PBXFileReference section */
		0C10C0B125B3180200D55B34 /* MyWalletView.swift */ = {isa = PBXFileReference; lastKnownFileType = sourcecode.swift; path = MyWalletView.swift; sourceTree = "<group>"; };
		0C10C0B425B3203F00D55B34 /* MyWalletBank.swift */ = {isa = PBXFileReference; lastKnownFileType = sourcecode.swift; path = MyWalletBank.swift; sourceTree = "<group>"; };
		0C10C0B725B322E600D55B34 /* MyWalletContent.swift */ = {isa = PBXFileReference; lastKnownFileType = sourcecode.swift; path = MyWalletContent.swift; sourceTree = "<group>"; };
		0C10C0BA25B327B800D55B34 /* MyWalletViewController.swift */ = {isa = PBXFileReference; lastKnownFileType = sourcecode.swift; path = MyWalletViewController.swift; sourceTree = "<group>"; };
		0C10C0C225B3297500D55B34 /* MyTrailsView.swift */ = {isa = PBXFileReference; lastKnownFileType = sourcecode.swift; path = MyTrailsView.swift; sourceTree = "<group>"; };
		0C10C0CB25B339ED00D55B34 /* MyTrailsBank.swift */ = {isa = PBXFileReference; lastKnownFileType = sourcecode.swift; path = MyTrailsBank.swift; sourceTree = "<group>"; };
		0C10C0D725B3779800D55B34 /* TrailView.swift */ = {isa = PBXFileReference; lastKnownFileType = sourcecode.swift; path = TrailView.swift; sourceTree = "<group>"; };
		0CCF88F425B1DBE30013C7B4 /* GoogleService-Info.plist */ = {isa = PBXFileReference; fileEncoding = 4; lastKnownFileType = text.plist.xml; path = "GoogleService-Info.plist"; sourceTree = "<group>"; };
		0CCF891B25B1E06D0013C7B4 /* User.swift */ = {isa = PBXFileReference; lastKnownFileType = sourcecode.swift; path = User.swift; sourceTree = "<group>"; };
		0CCF891F25B1E3DE0013C7B4 /* Costumer.swift */ = {isa = PBXFileReference; lastKnownFileType = sourcecode.swift; path = Costumer.swift; sourceTree = "<group>"; };
		0CCF892225B1E7010013C7B4 /* Business.swift */ = {isa = PBXFileReference; lastKnownFileType = sourcecode.swift; path = Business.swift; sourceTree = "<group>"; };
		0CCF892525B1E92C0013C7B4 /* Trail.swift */ = {isa = PBXFileReference; lastKnownFileType = sourcecode.swift; path = Trail.swift; sourceTree = "<group>"; };
		0CCF892C25B1E99D0013C7B4 /* Mission.swift */ = {isa = PBXFileReference; lastKnownFileType = sourcecode.swift; path = Mission.swift; sourceTree = "<group>"; };
		0CCF892F25B1EA340013C7B4 /* Category.swift */ = {isa = PBXFileReference; lastKnownFileType = sourcecode.swift; path = Category.swift; sourceTree = "<group>"; };
		0CCF893225B1EA750013C7B4 /* Prize.swift */ = {isa = PBXFileReference; lastKnownFileType = sourcecode.swift; path = Prize.swift; sourceTree = "<group>"; };
		0CCF893825B26A6E0013C7B4 /* TabBarView.swift */ = {isa = PBXFileReference; lastKnownFileType = sourcecode.swift; path = TabBarView.swift; sourceTree = "<group>"; };
		0CCF894225B2705C0013C7B4 /* ProfileViewController.swift */ = {isa = PBXFileReference; lastKnownFileType = sourcecode.swift; path = ProfileViewController.swift; sourceTree = "<group>"; };
		0CCF894725B270BD0013C7B4 /* ProfileView.swift */ = {isa = PBXFileReference; lastKnownFileType = sourcecode.swift; path = ProfileView.swift; sourceTree = "<group>"; };
		0CCF894C25B275C50013C7B4 /* TabViewItem.swift */ = {isa = PBXFileReference; lastKnownFileType = sourcecode.swift; path = TabViewItem.swift; sourceTree = "<group>"; };
		323719E9BDADB03D4504960D /* Pods-daqui.debug.xcconfig */ = {isa = PBXFileReference; includeInIndex = 1; lastKnownFileType = text.xcconfig; name = "Pods-daqui.debug.xcconfig"; path = "Target Support Files/Pods-daqui/Pods-daqui.debug.xcconfig"; sourceTree = "<group>"; };
		353C5C5125B311A400340D05 /* ExploreView.swift */ = {isa = PBXFileReference; lastKnownFileType = sourcecode.swift; path = ExploreView.swift; sourceTree = "<group>"; };
		353C5C5525B3122200340D05 /* ExploreBank.swift */ = {isa = PBXFileReference; lastKnownFileType = sourcecode.swift; path = ExploreBank.swift; sourceTree = "<group>"; };
		353C5C5825B335F100340D05 /* SearchBarView.swift */ = {isa = PBXFileReference; lastKnownFileType = sourcecode.swift; path = SearchBarView.swift; sourceTree = "<group>"; };
		353C5C5B25B33A3800340D05 /* UIEditingExtensions.swift */ = {isa = PBXFileReference; lastKnownFileType = sourcecode.swift; path = UIEditingExtensions.swift; sourceTree = "<group>"; };
		3571B0E325B25CF1001E0877 /* FirebaseHandler.swift */ = {isa = PBXFileReference; lastKnownFileType = sourcecode.swift; path = FirebaseHandler.swift; sourceTree = "<group>"; };
		3571B0E725B26244001E0877 /* TabBarViewController.swift */ = {isa = PBXFileReference; lastKnownFileType = sourcecode.swift; path = TabBarViewController.swift; sourceTree = "<group>"; };
		35B4F53125B1CED700F7BD85 /* daqui.app */ = {isa = PBXFileReference; explicitFileType = wrapper.application; includeInIndex = 0; path = daqui.app; sourceTree = BUILT_PRODUCTS_DIR; };
		35B4F53425B1CED700F7BD85 /* AppDelegate.swift */ = {isa = PBXFileReference; lastKnownFileType = sourcecode.swift; path = AppDelegate.swift; sourceTree = "<group>"; };
		35B4F53625B1CED700F7BD85 /* SceneDelegate.swift */ = {isa = PBXFileReference; lastKnownFileType = sourcecode.swift; path = SceneDelegate.swift; sourceTree = "<group>"; };
		35B4F53825B1CED700F7BD85 /* ContentView.swift */ = {isa = PBXFileReference; lastKnownFileType = sourcecode.swift; path = ContentView.swift; sourceTree = "<group>"; };
		35B4F53B25B1CED700F7BD85 /* daqui.xcdatamodel */ = {isa = PBXFileReference; lastKnownFileType = wrapper.xcdatamodel; path = daqui.xcdatamodel; sourceTree = "<group>"; };
		35B4F53D25B1CED900F7BD85 /* Assets.xcassets */ = {isa = PBXFileReference; lastKnownFileType = folder.assetcatalog; path = Assets.xcassets; sourceTree = "<group>"; };
		35B4F54025B1CED900F7BD85 /* Preview Assets.xcassets */ = {isa = PBXFileReference; lastKnownFileType = folder.assetcatalog; path = "Preview Assets.xcassets"; sourceTree = "<group>"; };
		35B4F54325B1CED900F7BD85 /* Base */ = {isa = PBXFileReference; lastKnownFileType = file.storyboard; name = Base; path = Base.lproj/LaunchScreen.storyboard; sourceTree = "<group>"; };
		35B4F54525B1CED900F7BD85 /* Info.plist */ = {isa = PBXFileReference; lastKnownFileType = text.plist.xml; path = Info.plist; sourceTree = "<group>"; };
		449ABD2FB08938C48FF78F76 /* Pods_daqui.framework */ = {isa = PBXFileReference; explicitFileType = wrapper.framework; includeInIndex = 0; path = Pods_daqui.framework; sourceTree = BUILT_PRODUCTS_DIR; };
		A667C349B261EE1AA6031C3D /* Pods-daqui.release.xcconfig */ = {isa = PBXFileReference; includeInIndex = 1; lastKnownFileType = text.xcconfig; name = "Pods-daqui.release.xcconfig"; path = "Target Support Files/Pods-daqui/Pods-daqui.release.xcconfig"; sourceTree = "<group>"; };
		AC86279A25B30A3D00AA0C41 /* RecursosViewController.swift */ = {isa = PBXFileReference; lastKnownFileType = sourcecode.swift; path = RecursosViewController.swift; sourceTree = "<group>"; };
		AC86279B25B30A3D00AA0C41 /* RecursosView.swift */ = {isa = PBXFileReference; lastKnownFileType = sourcecode.swift; path = RecursosView.swift; sourceTree = "<group>"; };
		ACD0800725B320D6005B82D9 /* RecursosCardView.swift */ = {isa = PBXFileReference; lastKnownFileType = sourcecode.swift; path = RecursosCardView.swift; sourceTree = "<group>"; };
/* End PBXFileReference section */

/* Begin PBXFrameworksBuildPhase section */
		35B4F52E25B1CED700F7BD85 /* Frameworks */ = {
			isa = PBXFrameworksBuildPhase;
			buildActionMask = 2147483647;
			files = (
				3A3445B150E036BA70DA12F2 /* Pods_daqui.framework in Frameworks */,
			);
			runOnlyForDeploymentPostprocessing = 0;
		};
/* End PBXFrameworksBuildPhase section */

/* Begin PBXGroup section */
		0C10C0B025B317EF00D55B34 /* MyWallet */ = {
			isa = PBXGroup;
			children = (
				0C10C0B125B3180200D55B34 /* MyWalletView.swift */,
				0C10C0B425B3203F00D55B34 /* MyWalletBank.swift */,
				0C10C0B725B322E600D55B34 /* MyWalletContent.swift */,
				0C10C0BA25B327B800D55B34 /* MyWalletViewController.swift */,
			);
			path = MyWallet;
			sourceTree = "<group>";
		};
		0C10C0BD25B3292400D55B34 /* MyTrails */ = {
			isa = PBXGroup;
			children = (
				0C10C0C225B3297500D55B34 /* MyTrailsView.swift */,
				0C10C0CB25B339ED00D55B34 /* MyTrailsBank.swift */,
				0C10C0D725B3779800D55B34 /* TrailView.swift */,
			);
			path = MyTrails;
			sourceTree = "<group>";
		};
		0CCF891A25B1E05B0013C7B4 /* Models */ = {
			isa = PBXGroup;
			children = (
				0CCF891B25B1E06D0013C7B4 /* User.swift */,
				0CCF891F25B1E3DE0013C7B4 /* Costumer.swift */,
				0CCF892225B1E7010013C7B4 /* Business.swift */,
				0CCF892525B1E92C0013C7B4 /* Trail.swift */,
				0CCF892C25B1E99D0013C7B4 /* Mission.swift */,
				0CCF892F25B1EA340013C7B4 /* Category.swift */,
				0CCF893225B1EA750013C7B4 /* Prize.swift */,
			);
			path = Models;
			sourceTree = "<group>";
		};
		0CCF893725B26A600013C7B4 /* TabBar */ = {
			isa = PBXGroup;
			children = (
				3571B0E725B26244001E0877 /* TabBarViewController.swift */,
				0CCF893825B26A6E0013C7B4 /* TabBarView.swift */,
				0CCF894C25B275C50013C7B4 /* TabViewItem.swift */,
			);
			path = TabBar;
			sourceTree = "<group>";
		};
		0CCF894125B2704D0013C7B4 /* Profile */ = {
			isa = PBXGroup;
			children = (
				0CCF894225B2705C0013C7B4 /* ProfileViewController.swift */,
				0CCF894725B270BD0013C7B4 /* ProfileView.swift */,
			);
			path = Profile;
			sourceTree = "<group>";
		};
		353C5C5025B3116F00340D05 /* Explore */ = {
			isa = PBXGroup;
			children = (
				353C5C5125B311A400340D05 /* ExploreView.swift */,
				353C5C5525B3122200340D05 /* ExploreBank.swift */,
				353C5C5825B335F100340D05 /* SearchBarView.swift */,
			);
			path = Explore;
			sourceTree = "<group>";
		};
		35B4F52825B1CED700F7BD85 = {
			isa = PBXGroup;
			children = (
				35B4F53325B1CED700F7BD85 /* daqui */,
				35B4F53225B1CED700F7BD85 /* Products */,
				390385A8A05C1A2FAEAD5A28 /* Pods */,
				64E47B302ADBA5FBA0D8A621 /* Frameworks */,
			);
			sourceTree = "<group>";
		};
		35B4F53225B1CED700F7BD85 /* Products */ = {
			isa = PBXGroup;
			children = (
				35B4F53125B1CED700F7BD85 /* daqui.app */,
			);
			name = Products;
			sourceTree = "<group>";
		};
		35B4F53325B1CED700F7BD85 /* daqui */ = {
			isa = PBXGroup;
			children = (
				0C10C0BD25B3292400D55B34 /* MyTrails */,
				0C10C0B025B317EF00D55B34 /* MyWallet */,
				0CCF894125B2704D0013C7B4 /* Profile */,
				AC86279825B30A3D00AA0C41 /* Recursos */,
				0CCF893725B26A600013C7B4 /* TabBar */,
				0CCF891A25B1E05B0013C7B4 /* Models */,
				353C5C5025B3116F00340D05 /* Explore */,
				35B4F53425B1CED700F7BD85 /* AppDelegate.swift */,
				35B4F53625B1CED700F7BD85 /* SceneDelegate.swift */,
				35B4F53825B1CED700F7BD85 /* ContentView.swift */,
				35B4F53D25B1CED900F7BD85 /* Assets.xcassets */,
				35B4F54225B1CED900F7BD85 /* LaunchScreen.storyboard */,
				35B4F54525B1CED900F7BD85 /* Info.plist */,
				0CCF88F425B1DBE30013C7B4 /* GoogleService-Info.plist */,
				35B4F53A25B1CED700F7BD85 /* daqui.xcdatamodeld */,
				35B4F53F25B1CED900F7BD85 /* Preview Content */,
				3571B0E325B25CF1001E0877 /* FirebaseHandler.swift */,
				353C5C5B25B33A3800340D05 /* UIEditingExtensions.swift */,
			);
			path = daqui;
			sourceTree = "<group>";
		};
		35B4F53F25B1CED900F7BD85 /* Preview Content */ = {
			isa = PBXGroup;
			children = (
				35B4F54025B1CED900F7BD85 /* Preview Assets.xcassets */,
			);
			path = "Preview Content";
			sourceTree = "<group>";
		};
		390385A8A05C1A2FAEAD5A28 /* Pods */ = {
			isa = PBXGroup;
			children = (
				323719E9BDADB03D4504960D /* Pods-daqui.debug.xcconfig */,
				A667C349B261EE1AA6031C3D /* Pods-daqui.release.xcconfig */,
			);
			path = Pods;
			sourceTree = "<group>";
		};
		64E47B302ADBA5FBA0D8A621 /* Frameworks */ = {
			isa = PBXGroup;
			children = (
				449ABD2FB08938C48FF78F76 /* Pods_daqui.framework */,
			);
			name = Frameworks;
			sourceTree = "<group>";
		};
		AC86279825B30A3D00AA0C41 /* Recursos */ = {
			isa = PBXGroup;
			children = (
				AC86279A25B30A3D00AA0C41 /* RecursosViewController.swift */,
				AC86279B25B30A3D00AA0C41 /* RecursosView.swift */,
				ACD0800725B320D6005B82D9 /* RecursosCardView.swift */,
			);
			name = Recursos;
			path = TabBar/Recursos;
			sourceTree = "<group>";
		};
/* End PBXGroup section */

/* Begin PBXNativeTarget section */
		35B4F53025B1CED700F7BD85 /* daqui */ = {
			isa = PBXNativeTarget;
			buildConfigurationList = 35B4F54825B1CED900F7BD85 /* Build configuration list for PBXNativeTarget "daqui" */;
			buildPhases = (
				9C2B1A5E477AB872A0079971 /* [CP] Check Pods Manifest.lock */,
				35B4F52D25B1CED700F7BD85 /* Sources */,
				35B4F52E25B1CED700F7BD85 /* Frameworks */,
				35B4F52F25B1CED700F7BD85 /* Resources */,
				A387B7C9C8D254028169EF2F /* [CP] Embed Pods Frameworks */,
			);
			buildRules = (
			);
			dependencies = (
			);
			name = daqui;
			productName = daqui;
			productReference = 35B4F53125B1CED700F7BD85 /* daqui.app */;
			productType = "com.apple.product-type.application";
		};
/* End PBXNativeTarget section */

/* Begin PBXProject section */
		35B4F52925B1CED700F7BD85 /* Project object */ = {
			isa = PBXProject;
			attributes = {
				LastSwiftUpdateCheck = 1230;
				LastUpgradeCheck = 1230;
				TargetAttributes = {
					35B4F53025B1CED700F7BD85 = {
						CreatedOnToolsVersion = 12.3;
					};
				};
			};
			buildConfigurationList = 35B4F52C25B1CED700F7BD85 /* Build configuration list for PBXProject "daqui" */;
			compatibilityVersion = "Xcode 9.3";
			developmentRegion = en;
			hasScannedForEncodings = 0;
			knownRegions = (
				en,
				Base,
			);
			mainGroup = 35B4F52825B1CED700F7BD85;
			productRefGroup = 35B4F53225B1CED700F7BD85 /* Products */;
			projectDirPath = "";
			projectRoot = "";
			targets = (
				35B4F53025B1CED700F7BD85 /* daqui */,
			);
		};
/* End PBXProject section */

/* Begin PBXResourcesBuildPhase section */
		35B4F52F25B1CED700F7BD85 /* Resources */ = {
			isa = PBXResourcesBuildPhase;
			buildActionMask = 2147483647;
			files = (
				35B4F54425B1CED900F7BD85 /* LaunchScreen.storyboard in Resources */,
				0CCF88F525B1DBE30013C7B4 /* GoogleService-Info.plist in Resources */,
				35B4F54125B1CED900F7BD85 /* Preview Assets.xcassets in Resources */,
				35B4F53E25B1CED900F7BD85 /* Assets.xcassets in Resources */,
			);
			runOnlyForDeploymentPostprocessing = 0;
		};
/* End PBXResourcesBuildPhase section */

/* Begin PBXShellScriptBuildPhase section */
		9C2B1A5E477AB872A0079971 /* [CP] Check Pods Manifest.lock */ = {
			isa = PBXShellScriptBuildPhase;
			buildActionMask = 2147483647;
			files = (
			);
			inputFileListPaths = (
			);
			inputPaths = (
				"${PODS_PODFILE_DIR_PATH}/Podfile.lock",
				"${PODS_ROOT}/Manifest.lock",
			);
			name = "[CP] Check Pods Manifest.lock";
			outputFileListPaths = (
			);
			outputPaths = (
				"$(DERIVED_FILE_DIR)/Pods-daqui-checkManifestLockResult.txt",
			);
			runOnlyForDeploymentPostprocessing = 0;
			shellPath = /bin/sh;
			shellScript = "diff \"${PODS_PODFILE_DIR_PATH}/Podfile.lock\" \"${PODS_ROOT}/Manifest.lock\" > /dev/null\nif [ $? != 0 ] ; then\n    # print error to STDERR\n    echo \"error: The sandbox is not in sync with the Podfile.lock. Run 'pod install' or update your CocoaPods installation.\" >&2\n    exit 1\nfi\n# This output is used by Xcode 'outputs' to avoid re-running this script phase.\necho \"SUCCESS\" > \"${SCRIPT_OUTPUT_FILE_0}\"\n";
			showEnvVarsInLog = 0;
		};
		A387B7C9C8D254028169EF2F /* [CP] Embed Pods Frameworks */ = {
			isa = PBXShellScriptBuildPhase;
			buildActionMask = 2147483647;
			files = (
			);
			inputFileListPaths = (
				"${PODS_ROOT}/Target Support Files/Pods-daqui/Pods-daqui-frameworks-${CONFIGURATION}-input-files.xcfilelist",
			);
			name = "[CP] Embed Pods Frameworks";
			outputFileListPaths = (
				"${PODS_ROOT}/Target Support Files/Pods-daqui/Pods-daqui-frameworks-${CONFIGURATION}-output-files.xcfilelist",
			);
			runOnlyForDeploymentPostprocessing = 0;
			shellPath = /bin/sh;
			shellScript = "\"${PODS_ROOT}/Target Support Files/Pods-daqui/Pods-daqui-frameworks.sh\"\n";
			showEnvVarsInLog = 0;
		};
/* End PBXShellScriptBuildPhase section */

/* Begin PBXSourcesBuildPhase section */
		35B4F52D25B1CED700F7BD85 /* Sources */ = {
			isa = PBXSourcesBuildPhase;
			buildActionMask = 2147483647;
			files = (
				353C5C5925B335F100340D05 /* SearchBarView.swift in Sources */,
				0CCF894825B270BD0013C7B4 /* ProfileView.swift in Sources */,
				3571B0E425B25CF1001E0877 /* FirebaseHandler.swift in Sources */,
				35B4F53525B1CED700F7BD85 /* AppDelegate.swift in Sources */,
				0CCF893925B26A6E0013C7B4 /* TabBarView.swift in Sources */,
				0CCF893025B1EA340013C7B4 /* Category.swift in Sources */,
				0C10C0C325B3297500D55B34 /* MyTrailsView.swift in Sources */,
				0CCF892325B1E7010013C7B4 /* Business.swift in Sources */,
				0CCF892625B1E92C0013C7B4 /* Trail.swift in Sources */,
				353C5C5C25B33A3800340D05 /* UIEditingExtensions.swift in Sources */,
				0CCF894325B2705C0013C7B4 /* ProfileViewController.swift in Sources */,
				0C10C0BB25B327B800D55B34 /* MyWalletViewController.swift in Sources */,
				0CCF893325B1EA750013C7B4 /* Prize.swift in Sources */,
				AC86279D25B30A3D00AA0C41 /* RecursosViewController.swift in Sources */,
				0CCF892025B1E3DE0013C7B4 /* Costumer.swift in Sources */,
				AC86279C25B30A3D00AA0C41 /* RecursosView.swift in Sources */,
				ACD0800825B320D6005B82D9 /* RecursosCardView.swift in Sources */,
				0C10C0B525B3203F00D55B34 /* MyWalletBank.swift in Sources */,
				353C5C5225B311A400340D05 /* ExploreView.swift in Sources */,
				35B4F53725B1CED700F7BD85 /* SceneDelegate.swift in Sources */,
				0C10C0B225B3180200D55B34 /* MyWalletView.swift in Sources */,
				35B4F53C25B1CED700F7BD85 /* daqui.xcdatamodeld in Sources */,
				353C5C5625B3122200340D05 /* ExploreBank.swift in Sources */,
				0CCF892D25B1E99D0013C7B4 /* Mission.swift in Sources */,
				0C10C0D825B3779800D55B34 /* TrailView.swift in Sources */,
				3571B0E825B26244001E0877 /* TabBarViewController.swift in Sources */,
				0CCF894D25B275C50013C7B4 /* TabViewItem.swift in Sources */,
				0C10C0CC25B339ED00D55B34 /* MyTrailsBank.swift in Sources */,
				0CCF891C25B1E06D0013C7B4 /* User.swift in Sources */,
				0C10C0B825B322E600D55B34 /* MyWalletContent.swift in Sources */,
				35B4F53925B1CED700F7BD85 /* ContentView.swift in Sources */,
			);
			runOnlyForDeploymentPostprocessing = 0;
		};
/* End PBXSourcesBuildPhase section */

/* Begin PBXVariantGroup section */
		35B4F54225B1CED900F7BD85 /* LaunchScreen.storyboard */ = {
			isa = PBXVariantGroup;
			children = (
				35B4F54325B1CED900F7BD85 /* Base */,
			);
			name = LaunchScreen.storyboard;
			sourceTree = "<group>";
		};
/* End PBXVariantGroup section */

/* Begin XCBuildConfiguration section */
		35B4F54625B1CED900F7BD85 /* Debug */ = {
			isa = XCBuildConfiguration;
			buildSettings = {
				ALWAYS_SEARCH_USER_PATHS = NO;
				CLANG_ANALYZER_NONNULL = YES;
				CLANG_ANALYZER_NUMBER_OBJECT_CONVERSION = YES_AGGRESSIVE;
				CLANG_CXX_LANGUAGE_STANDARD = "gnu++14";
				CLANG_CXX_LIBRARY = "libc++";
				CLANG_ENABLE_MODULES = YES;
				CLANG_ENABLE_OBJC_ARC = YES;
				CLANG_ENABLE_OBJC_WEAK = YES;
				CLANG_WARN_BLOCK_CAPTURE_AUTORELEASING = YES;
				CLANG_WARN_BOOL_CONVERSION = YES;
				CLANG_WARN_COMMA = YES;
				CLANG_WARN_CONSTANT_CONVERSION = YES;
				CLANG_WARN_DEPRECATED_OBJC_IMPLEMENTATIONS = YES;
				CLANG_WARN_DIRECT_OBJC_ISA_USAGE = YES_ERROR;
				CLANG_WARN_DOCUMENTATION_COMMENTS = YES;
				CLANG_WARN_EMPTY_BODY = YES;
				CLANG_WARN_ENUM_CONVERSION = YES;
				CLANG_WARN_INFINITE_RECURSION = YES;
				CLANG_WARN_INT_CONVERSION = YES;
				CLANG_WARN_NON_LITERAL_NULL_CONVERSION = YES;
				CLANG_WARN_OBJC_IMPLICIT_RETAIN_SELF = YES;
				CLANG_WARN_OBJC_LITERAL_CONVERSION = YES;
				CLANG_WARN_OBJC_ROOT_CLASS = YES_ERROR;
				CLANG_WARN_QUOTED_INCLUDE_IN_FRAMEWORK_HEADER = YES;
				CLANG_WARN_RANGE_LOOP_ANALYSIS = YES;
				CLANG_WARN_STRICT_PROTOTYPES = YES;
				CLANG_WARN_SUSPICIOUS_MOVE = YES;
				CLANG_WARN_UNGUARDED_AVAILABILITY = YES_AGGRESSIVE;
				CLANG_WARN_UNREACHABLE_CODE = YES;
				CLANG_WARN__DUPLICATE_METHOD_MATCH = YES;
				COPY_PHASE_STRIP = NO;
				DEBUG_INFORMATION_FORMAT = dwarf;
				ENABLE_STRICT_OBJC_MSGSEND = YES;
				ENABLE_TESTABILITY = YES;
				GCC_C_LANGUAGE_STANDARD = gnu11;
				GCC_DYNAMIC_NO_PIC = NO;
				GCC_NO_COMMON_BLOCKS = YES;
				GCC_OPTIMIZATION_LEVEL = 0;
				GCC_PREPROCESSOR_DEFINITIONS = (
					"DEBUG=1",
					"$(inherited)",
				);
				GCC_WARN_64_TO_32_BIT_CONVERSION = YES;
				GCC_WARN_ABOUT_RETURN_TYPE = YES_ERROR;
				GCC_WARN_UNDECLARED_SELECTOR = YES;
				GCC_WARN_UNINITIALIZED_AUTOS = YES_AGGRESSIVE;
				GCC_WARN_UNUSED_FUNCTION = YES;
				GCC_WARN_UNUSED_VARIABLE = YES;
				IPHONEOS_DEPLOYMENT_TARGET = 14.3;
				MTL_ENABLE_DEBUG_INFO = INCLUDE_SOURCE;
				MTL_FAST_MATH = YES;
				ONLY_ACTIVE_ARCH = YES;
				SDKROOT = iphoneos;
				SWIFT_ACTIVE_COMPILATION_CONDITIONS = DEBUG;
				SWIFT_OPTIMIZATION_LEVEL = "-Onone";
			};
			name = Debug;
		};
		35B4F54725B1CED900F7BD85 /* Release */ = {
			isa = XCBuildConfiguration;
			buildSettings = {
				ALWAYS_SEARCH_USER_PATHS = NO;
				CLANG_ANALYZER_NONNULL = YES;
				CLANG_ANALYZER_NUMBER_OBJECT_CONVERSION = YES_AGGRESSIVE;
				CLANG_CXX_LANGUAGE_STANDARD = "gnu++14";
				CLANG_CXX_LIBRARY = "libc++";
				CLANG_ENABLE_MODULES = YES;
				CLANG_ENABLE_OBJC_ARC = YES;
				CLANG_ENABLE_OBJC_WEAK = YES;
				CLANG_WARN_BLOCK_CAPTURE_AUTORELEASING = YES;
				CLANG_WARN_BOOL_CONVERSION = YES;
				CLANG_WARN_COMMA = YES;
				CLANG_WARN_CONSTANT_CONVERSION = YES;
				CLANG_WARN_DEPRECATED_OBJC_IMPLEMENTATIONS = YES;
				CLANG_WARN_DIRECT_OBJC_ISA_USAGE = YES_ERROR;
				CLANG_WARN_DOCUMENTATION_COMMENTS = YES;
				CLANG_WARN_EMPTY_BODY = YES;
				CLANG_WARN_ENUM_CONVERSION = YES;
				CLANG_WARN_INFINITE_RECURSION = YES;
				CLANG_WARN_INT_CONVERSION = YES;
				CLANG_WARN_NON_LITERAL_NULL_CONVERSION = YES;
				CLANG_WARN_OBJC_IMPLICIT_RETAIN_SELF = YES;
				CLANG_WARN_OBJC_LITERAL_CONVERSION = YES;
				CLANG_WARN_OBJC_ROOT_CLASS = YES_ERROR;
				CLANG_WARN_QUOTED_INCLUDE_IN_FRAMEWORK_HEADER = YES;
				CLANG_WARN_RANGE_LOOP_ANALYSIS = YES;
				CLANG_WARN_STRICT_PROTOTYPES = YES;
				CLANG_WARN_SUSPICIOUS_MOVE = YES;
				CLANG_WARN_UNGUARDED_AVAILABILITY = YES_AGGRESSIVE;
				CLANG_WARN_UNREACHABLE_CODE = YES;
				CLANG_WARN__DUPLICATE_METHOD_MATCH = YES;
				COPY_PHASE_STRIP = NO;
				DEBUG_INFORMATION_FORMAT = "dwarf-with-dsym";
				ENABLE_NS_ASSERTIONS = NO;
				ENABLE_STRICT_OBJC_MSGSEND = YES;
				GCC_C_LANGUAGE_STANDARD = gnu11;
				GCC_NO_COMMON_BLOCKS = YES;
				GCC_WARN_64_TO_32_BIT_CONVERSION = YES;
				GCC_WARN_ABOUT_RETURN_TYPE = YES_ERROR;
				GCC_WARN_UNDECLARED_SELECTOR = YES;
				GCC_WARN_UNINITIALIZED_AUTOS = YES_AGGRESSIVE;
				GCC_WARN_UNUSED_FUNCTION = YES;
				GCC_WARN_UNUSED_VARIABLE = YES;
				IPHONEOS_DEPLOYMENT_TARGET = 14.3;
				MTL_ENABLE_DEBUG_INFO = NO;
				MTL_FAST_MATH = YES;
				SDKROOT = iphoneos;
				SWIFT_COMPILATION_MODE = wholemodule;
				SWIFT_OPTIMIZATION_LEVEL = "-O";
				VALIDATE_PRODUCT = YES;
			};
			name = Release;
		};
		35B4F54925B1CED900F7BD85 /* Debug */ = {
			isa = XCBuildConfiguration;
			baseConfigurationReference = 323719E9BDADB03D4504960D /* Pods-daqui.debug.xcconfig */;
			buildSettings = {
				ASSETCATALOG_COMPILER_APPICON_NAME = AppIcon;
				ASSETCATALOG_COMPILER_GLOBAL_ACCENT_COLOR_NAME = AccentColor;
				CODE_SIGN_STYLE = Automatic;
				DEVELOPMENT_ASSET_PATHS = "\"daqui/Preview Content\"";
				DEVELOPMENT_TEAM = KBDYNQ5FQB;
				ENABLE_PREVIEWS = YES;
				INFOPLIST_FILE = daqui/Info.plist;
				LD_RUNPATH_SEARCH_PATHS = (
					"$(inherited)",
					"@executable_path/Frameworks",
				);
				PRODUCT_BUNDLE_IDENTIFIER = br.ufpe.academy.daqui;
				PRODUCT_NAME = "$(TARGET_NAME)";
				SWIFT_VERSION = 5.0;
				TARGETED_DEVICE_FAMILY = "1,2";
			};
			name = Debug;
		};
		35B4F54A25B1CED900F7BD85 /* Release */ = {
			isa = XCBuildConfiguration;
			baseConfigurationReference = A667C349B261EE1AA6031C3D /* Pods-daqui.release.xcconfig */;
			buildSettings = {
				ASSETCATALOG_COMPILER_APPICON_NAME = AppIcon;
				ASSETCATALOG_COMPILER_GLOBAL_ACCENT_COLOR_NAME = AccentColor;
				CODE_SIGN_STYLE = Automatic;
				DEVELOPMENT_ASSET_PATHS = "\"daqui/Preview Content\"";
				DEVELOPMENT_TEAM = KBDYNQ5FQB;
				ENABLE_PREVIEWS = YES;
				INFOPLIST_FILE = daqui/Info.plist;
				LD_RUNPATH_SEARCH_PATHS = (
					"$(inherited)",
					"@executable_path/Frameworks",
				);
				PRODUCT_BUNDLE_IDENTIFIER = br.ufpe.academy.daqui;
				PRODUCT_NAME = "$(TARGET_NAME)";
				SWIFT_VERSION = 5.0;
				TARGETED_DEVICE_FAMILY = "1,2";
			};
			name = Release;
		};
/* End XCBuildConfiguration section */

/* Begin XCConfigurationList section */
		35B4F52C25B1CED700F7BD85 /* Build configuration list for PBXProject "daqui" */ = {
			isa = XCConfigurationList;
			buildConfigurations = (
				35B4F54625B1CED900F7BD85 /* Debug */,
				35B4F54725B1CED900F7BD85 /* Release */,
			);
			defaultConfigurationIsVisible = 0;
			defaultConfigurationName = Release;
		};
		35B4F54825B1CED900F7BD85 /* Build configuration list for PBXNativeTarget "daqui" */ = {
			isa = XCConfigurationList;
			buildConfigurations = (
				35B4F54925B1CED900F7BD85 /* Debug */,
				35B4F54A25B1CED900F7BD85 /* Release */,
			);
			defaultConfigurationIsVisible = 0;
			defaultConfigurationName = Release;
		};
/* End XCConfigurationList section */

/* Begin XCVersionGroup section */
		35B4F53A25B1CED700F7BD85 /* daqui.xcdatamodeld */ = {
			isa = XCVersionGroup;
			children = (
				35B4F53B25B1CED700F7BD85 /* daqui.xcdatamodel */,
			);
			currentVersion = 35B4F53B25B1CED700F7BD85 /* daqui.xcdatamodel */;
			path = daqui.xcdatamodeld;
			sourceTree = "<group>";
			versionGroupType = wrapper.xcdatamodel;
		};
/* End XCVersionGroup section */
	};
	rootObject = 35B4F52925B1CED700F7BD85 /* Project object */;
}
